
Microsoft Visual Studio Solution File, Format Version 12.00
# Visual Studio Version 16
VisualStudioVersion = 16.0.29613.14
MinimumVisualStudioVersion = 10.0.40219.1
Project("{888888A0-9F3D-457C-B088-3A5042F75D52}") = "bj1260", "bj1260\bj1260.pyproj", "{CA6FF301-1231-4D65-A737-369DC5705A21}"
EndProject
Global
	GlobalSection(SolutionConfigurationPlatforms) = preSolution
		Debug|Any CPU = Debug|Any CPU
		Release|Any CPU = Release|Any CPU
	EndGlobalSection
	GlobalSection(ProjectConfigurationPlatforms) = postSolution
		{CA6FF301-1231-4D65-A737-369DC5705A21}.Debug|Any CPU.ActiveCfg = Debug|Any CPU
		{CA6FF301-1231-4D65-A737-369DC5705A21}.Release|Any CPU.ActiveCfg = Release|Any CPU
	EndGlobalSection
	GlobalSection(SolutionProperties) = preSolution
		HideSolutionNode = FALSE
	EndGlobalSection
	GlobalSection(ExtensibilityGlobals) = postSolution
		SolutionGuid = {9C19B4E4-AA79-4379-A382-4C4D4F53C69D}
	EndGlobalSection
EndGlobal
