
Microsoft Visual Studio Solution File, Format Version 12.00
# Visual Studio Version 16
VisualStudioVersion = 16.0.29613.14
MinimumVisualStudioVersion = 10.0.40219.1
Project("{888888A0-9F3D-457C-B088-3A5042F75D52}") = "bj1004", "bj1004\bj1004.pyproj", "{A0618EA7-761F-45BC-94BD-E977972C4214}"
EndProject
Global
	GlobalSection(SolutionConfigurationPlatforms) = preSolution
		Debug|Any CPU = Debug|Any CPU
		Release|Any CPU = Release|Any CPU
	EndGlobalSection
	GlobalSection(ProjectConfigurationPlatforms) = postSolution
		{A0618EA7-761F-45BC-94BD-E977972C4214}.Debug|Any CPU.ActiveCfg = Debug|Any CPU
		{A0618EA7-761F-45BC-94BD-E977972C4214}.Release|Any CPU.ActiveCfg = Release|Any CPU
	EndGlobalSection
	GlobalSection(SolutionProperties) = preSolution
		HideSolutionNode = FALSE
	EndGlobalSection
	GlobalSection(ExtensibilityGlobals) = postSolution
		SolutionGuid = {CE3866AA-CF61-4FBB-AB55-53159620C5A0}
	EndGlobalSection
EndGlobal
