
Microsoft Visual Studio Solution File, Format Version 12.00
# Visual Studio Version 16
VisualStudioVersion = 16.0.29613.14
MinimumVisualStudioVersion = 10.0.40219.1
Project("{888888A0-9F3D-457C-B088-3A5042F75D52}") = "Bj1931", "Bj1931\Bj1931.pyproj", "{DAB27444-71AD-4C5F-B43C-B8C6631FE6D0}"
EndProject
Global
	GlobalSection(SolutionConfigurationPlatforms) = preSolution
		Debug|Any CPU = Debug|Any CPU
		Release|Any CPU = Release|Any CPU
	EndGlobalSection
	GlobalSection(ProjectConfigurationPlatforms) = postSolution
		{DAB27444-71AD-4C5F-B43C-B8C6631FE6D0}.Debug|Any CPU.ActiveCfg = Debug|Any CPU
		{DAB27444-71AD-4C5F-B43C-B8C6631FE6D0}.Release|Any CPU.ActiveCfg = Release|Any CPU
	EndGlobalSection
	GlobalSection(SolutionProperties) = preSolution
		HideSolutionNode = FALSE
	EndGlobalSection
	GlobalSection(ExtensibilityGlobals) = postSolution
		SolutionGuid = {55BCA9B4-66A0-4632-99DB-86E88C518129}
	EndGlobalSection
EndGlobal
